
Microsoft Visual Studio Solution File, Format Version 12.00
# Visual Studio Version 17
VisualStudioVersion = 17.3.32825.248
MinimumVisualStudioVersion = 10.0.40219.1
Project("{9A19103F-16F7-4668-BE54-9A1E7A4F7556}") = "The Insurgent's Workshop", "The Insurgent's Workshop.csproj", "{0738700E-6C04-407B-ADB0-70DE90CFAE6C}"
EndProject
Global
	GlobalSection(SolutionConfigurationPlatforms) = preSolution
		Debug|Any CPU = Debug|Any CPU
		Release|Any CPU = Release|Any CPU
	EndGlobalSection
	GlobalSection(ProjectConfigurationPlatforms) = postSolution
		{0738700E-6C04-407B-ADB0-70DE90CFAE6C}.Debug|Any CPU.ActiveCfg = Debug|Any CPU
		{0738700E-6C04-407B-ADB0-70DE90CFAE6C}.Debug|Any CPU.Build.0 = Debug|Any CPU
		{0738700E-6C04-407B-ADB0-70DE90CFAE6C}.Release|Any CPU.ActiveCfg = Release|Any CPU
		{0738700E-6C04-407B-ADB0-70DE90CFAE6C}.Release|Any CPU.Build.0 = Release|Any CPU
	EndGlobalSection
	GlobalSection(SolutionProperties) = preSolution
		HideSolutionNode = FALSE
	EndGlobalSection
	GlobalSection(ExtensibilityGlobals) = postSolution
		SolutionGuid = {112C7AE0-B118-49B2-BBF3-04CB07F0EAED}
	EndGlobalSection
EndGlobal
